
Microsoft Visual Studio Solution File, Format Version 11.00
# Visual Studio 2010
Project("{FAE04EC0-301F-11D3-BF4B-00C04F79EFBC}") = "Save_My_Spot", "Save_My_Spot\Save_My_Spot.csproj", "{163273B9-58EE-4580-A031-80969A13CF4D}"
EndProject
Global
	GlobalSection(SolutionConfigurationPlatforms) = preSolution
		Debug|iPhoneSimulator = Debug|iPhoneSimulator
		Release|iPhoneSimulator = Release|iPhoneSimulator
		Debug|iPhone = Debug|iPhone
		Release|iPhone = Release|iPhone
		Ad-Hoc|iPhone = Ad-Hoc|iPhone
		AppStore|iPhone = AppStore|iPhone
	EndGlobalSection
	GlobalSection(ProjectConfigurationPlatforms) = postSolution
		{163273B9-58EE-4580-A031-80969A13CF4D}.Ad-Hoc|iPhone.ActiveCfg = Ad-Hoc|iPhone
		{163273B9-58EE-4580-A031-80969A13CF4D}.Ad-Hoc|iPhone.Build.0 = Ad-Hoc|iPhone
		{163273B9-58EE-4580-A031-80969A13CF4D}.AppStore|iPhone.ActiveCfg = AppStore|iPhone
		{163273B9-58EE-4580-A031-80969A13CF4D}.AppStore|iPhone.Build.0 = AppStore|iPhone
		{163273B9-58EE-4580-A031-80969A13CF4D}.Debug|iPhone.ActiveCfg = Debug|iPhone
		{163273B9-58EE-4580-A031-80969A13CF4D}.Debug|iPhone.Build.0 = Debug|iPhone
		{163273B9-58EE-4580-A031-80969A13CF4D}.Debug|iPhoneSimulator.ActiveCfg = Debug|iPhoneSimulator
		{163273B9-58EE-4580-A031-80969A13CF4D}.Debug|iPhoneSimulator.Build.0 = Debug|iPhoneSimulator
		{163273B9-58EE-4580-A031-80969A13CF4D}.Release|iPhone.ActiveCfg = Release|iPhone
		{163273B9-58EE-4580-A031-80969A13CF4D}.Release|iPhone.Build.0 = Release|iPhone
		{163273B9-58EE-4580-A031-80969A13CF4D}.Release|iPhoneSimulator.ActiveCfg = Release|iPhoneSimulator
		{163273B9-58EE-4580-A031-80969A13CF4D}.Release|iPhoneSimulator.Build.0 = Release|iPhoneSimulator
	EndGlobalSection
	GlobalSection(MonoDevelopProperties) = preSolution
		StartupItem = Save_My_Spot\Save_My_Spot.csproj
	EndGlobalSection
EndGlobal
